
Microsoft Visual Studio Solution File, Format Version 12.00
# Visual Studio 15
Project("{FAE04EC0-301F-11D3-BF4B-00C04F79EFBC}") = "Assembly-CSharp", "Assembly-CSharp.csproj", "{C5F4BA9F-6D2B-789B-2080-35F2D3C5C0D2}"
EndProject
Project("{FAE04EC0-301F-11D3-BF4B-00C04F79EFBC}") = "Assembly-CSharp-Editor", "Assembly-CSharp-Editor.csproj", "{84958935-388A-6439-DC04-A1F3C9654036}"
EndProject
Global
	GlobalSection(SolutionConfigurationPlatforms) = preSolution
		Debug|Any CPU = Debug|Any CPU
		Release|Any CPU = Release|Any CPU
	EndGlobalSection
	GlobalSection(ProjectConfigurationPlatforms) = postSolution
		{C5F4BA9F-6D2B-789B-2080-35F2D3C5C0D2}.Debug|Any CPU.ActiveCfg = Debug|Any CPU
		{C5F4BA9F-6D2B-789B-2080-35F2D3C5C0D2}.Debug|Any CPU.Build.0 = Debug|Any CPU
		{C5F4BA9F-6D2B-789B-2080-35F2D3C5C0D2}.Release|Any CPU.ActiveCfg = Release|Any CPU
		{C5F4BA9F-6D2B-789B-2080-35F2D3C5C0D2}.Release|Any CPU.Build.0 = Release|Any CPU
		{84958935-388A-6439-DC04-A1F3C9654036}.Debug|Any CPU.ActiveCfg = Debug|Any CPU
		{84958935-388A-6439-DC04-A1F3C9654036}.Debug|Any CPU.Build.0 = Debug|Any CPU
		{84958935-388A-6439-DC04-A1F3C9654036}.Release|Any CPU.ActiveCfg = Release|Any CPU
		{84958935-388A-6439-DC04-A1F3C9654036}.Release|Any CPU.Build.0 = Release|Any CPU
	EndGlobalSection
	GlobalSection(SolutionProperties) = preSolution
		HideSolutionNode = FALSE
	EndGlobalSection
EndGlobal
